
Microsoft Visual Studio Solution File, Format Version 12.00
# Visual Studio Version 17
VisualStudioVersion = 17.1.32210.238
MinimumVisualStudioVersion = 10.0.40219.1
Project("{FAE04EC0-301F-11D3-BF4B-00C04F79EFBC}") = "CSClass", "CSClass\CSClass.csproj", "{67E0A953-945C-4F5F-A479-E42AA2CE1704}"
EndProject
Global
	GlobalSection(SolutionConfigurationPlatforms) = preSolution
		Debug|Any CPU = Debug|Any CPU
		Release|Any CPU = Release|Any CPU
	EndGlobalSection
	GlobalSection(ProjectConfigurationPlatforms) = postSolution
		{67E0A953-945C-4F5F-A479-E42AA2CE1704}.Debug|Any CPU.ActiveCfg = Debug|Any CPU
		{67E0A953-945C-4F5F-A479-E42AA2CE1704}.Debug|Any CPU.Build.0 = Debug|Any CPU
		{67E0A953-945C-4F5F-A479-E42AA2CE1704}.Release|Any CPU.ActiveCfg = Release|Any CPU
		{67E0A953-945C-4F5F-A479-E42AA2CE1704}.Release|Any CPU.Build.0 = Release|Any CPU
	EndGlobalSection
	GlobalSection(SolutionProperties) = preSolution
		HideSolutionNode = FALSE
	EndGlobalSection
	GlobalSection(ExtensibilityGlobals) = postSolution
		SolutionGuid = {904D5761-01A5-402A-BBE5-FAB227B59E09}
	EndGlobalSection
EndGlobal
